PODS:
  - ActionSheetPicker-3.0 (2.3.0)
  - Alamofire (4.8.1)
  - AlamofireObjectMapper (4.1.0):
    - Alamofire (~> 4.1)
    - ObjectMapper (~> 2.0)
  - Bolts (1.9.0):
    - Bolts/AppLinks (= 1.9.0)
    - Bolts/Tasks (= 1.9.0)
  - Bolts/AppLinks (1.9.0):
    - Bolts/Tasks
  - Bolts/Tasks (1.9.0)
  - DatePickerDialog (2.0)
  - FacebookCore (0.5.0):
    - Bolts (~> 1.9)
    - FBSDKCoreKit (~> 4.37)
  - FacebookLogin (0.5.0):
    - Bolts (~> 1.9)
    - FacebookCore (~> 0.5)
    - FBSDKCoreKit (~> 4.37)
    - FBSDKLoginKit (~> 4.37)
  - FacebookShare (0.5.0):
    - Bolts (~> 1.9)
    - FacebookCore (~> 0.5)
    - FBSDKCoreKit (~> 4.37)
    - FBSDKShareKit (~> 4.37)
  - FBSDKCoreKit (4.40.0):
    - Bolts (~> 1.9)
  - FBSDKLoginKit (4.40.0):
    - FBSDKCoreKit
  - FBSDKShareKit (4.40.0):
    - FBSDKCoreKit
  - GoogleMaps (3.0.2):
    - GoogleMaps/Maps (= 3.0.2)
  - GoogleMaps/Base (3.0.2)
  - GoogleMaps/Maps (3.0.2):
    - GoogleMaps/Base
  - GooglePlaces (3.0.2):
    - GoogleMaps/Base (= 3.0.2)
  - GoogleSignIn (4.4.0):
    - "GoogleToolboxForMac/NSDictionary+URLArguments (~> 2.1)"
    - "GoogleToolboxForMac/NSString+URLArguments (~> 2.1)"
    - GTMSessionFetcher/Core (~> 1.1)
  - GoogleToolboxForMac/DebugUtils (2.2.0):
    - GoogleToolboxForMac/Defines (= 2.2.0)
  - GoogleToolboxForMac/Defines (2.2.0)
  - "GoogleToolboxForMac/NSDictionary+URLArguments (2.2.0)":
    - GoogleToolboxForMac/DebugUtils (= 2.2.0)
    - GoogleToolboxForMac/Defines (= 2.2.0)
    - "GoogleToolboxForMac/NSString+URLArguments (= 2.2.0)"
  - "GoogleToolboxForMac/NSString+URLArguments (2.2.0)"
  - GTMSessionFetcher/Core (1.2.1)
  - IQKeyboardManagerSwift (6.0.4)
  - ListPlaceholder (1.4)
  - NVActivityIndicatorView (4.6.0):
    - NVActivityIndicatorView/Presenter (= 4.6.0)
  - NVActivityIndicatorView/Presenter (4.6.0)
  - ObjectMapper (2.2.9)
  - PKRevealController (2.0.6)
  - RangeSeekSlider (1.7.0)
  - SDWebImage (3.8.2):
    - SDWebImage/Core (= 3.8.2)
  - SDWebImage/Core (3.8.2)
  - SVProgressHUD (2.0-beta)
  - SwiftyUserDefaults (3.0.1)
  - TwitterCore (3.2.0)
  - TwitterKit (3.4.2):
    - TwitterCore (>= 3.2.0)

DEPENDENCIES:
  - ActionSheetPicker-3.0
  - Alamofire
  - AlamofireObjectMapper (~> 4.0)
  - DatePickerDialog
  - FacebookCore
  - FacebookLogin
  - FacebookShare
  - GoogleMaps
  - GooglePlaces
  - GoogleSignIn
  - IQKeyboardManagerSwift (= 6.0.4)
  - ListPlaceholder
  - NVActivityIndicatorView
  - PKRevealController
  - RangeSeekSlider
  - SDWebImage (~> 3.8)
  - SVProgressHUD (= 2.0-beta)
  - SwiftyUserDefaults
  - TwitterKit

SPEC REPOS:
  https://github.com/cocoapods/specs.git:
    - ActionSheetPicker-3.0
    - Alamofire
    - AlamofireObjectMapper
    - Bolts
    - DatePickerDialog
    - FacebookCore
    - FacebookLogin
    - FacebookShare
    - FBSDKCoreKit
    - FBSDKLoginKit
    - FBSDKShareKit
    - GoogleMaps
    - GooglePlaces
    - GoogleSignIn
    - GoogleToolboxForMac
    - GTMSessionFetcher
    - IQKeyboardManagerSwift
    - ListPlaceholder
    - NVActivityIndicatorView
    - ObjectMapper
    - PKRevealController
    - RangeSeekSlider
    - SDWebImage
    - SVProgressHUD
    - SwiftyUserDefaults
    - TwitterCore
    - TwitterKit

SPEC CHECKSUMS:
  ActionSheetPicker-3.0: eef157d75e151f255c5333d26656c7fbfe905a51
  Alamofire: 16ce2c353fb72865124ddae8a57c5942388f4f11
  AlamofireObjectMapper: 435adc82f5b367679bd9e71c4974a54efd0b2521
  Bolts: ac6567323eac61e203f6a9763667d0f711be34c8
  DatePickerDialog: 5e1c24d9fe6506cd45dbc573eed7b0a251b1c09d
  FacebookCore: 74288d0add931d361b1596beae787ab72c438249
  FacebookLogin: ebcf34714a1cb9f0759d9f071cfb01ed500996cf
  FacebookShare: 963b4bb1124a64a395b1e428163d70b5774116e8
  FBSDKCoreKit: ae214474b25033399c131dc81d258e412582a2ba
  FBSDKLoginKit: 7a1e411d46acc8834588eca437daf34de42e1d52
  FBSDKShareKit: 0e45916f4150da485928ae2a17ca021950b194f5
  GoogleMaps: 941cd655e009b4d8e42df19a3d749bc3fccec973
  GooglePlaces: c086e0055dc5f0177d7c9d65fc77a1734f9a4825
  GoogleSignIn: 7ff245e1a7b26d379099d3243a562f5747e23d39
  GoogleToolboxForMac: ff31605b7d66400dcec09bed5861689aebadda4d
  GTMSessionFetcher: 32aeca0aa144acea523e1c8e053089dec2cb98ca
  IQKeyboardManagerSwift: 36dbe324b4f9793f5f41ba5227f3e7c76dfefd50
  ListPlaceholder: 08ddaddf67520a20fc52cf37160fb56aa64d071d
  NVActivityIndicatorView: 9c3704896798b042315e2a154dc27e48384756f0
  ObjectMapper: 63cfe41bc6f8e7c8f44344c49901b8ae7de14c52
  PKRevealController: ffb45a16f5a5032ad90a3d16e5cbb0d8e035bd58
  RangeSeekSlider: 0386c5a9aa5ebcb2fa5238e8a627280cf46c7c0a
  SDWebImage: 098e97e6176540799c27e804c96653ee0833d13c
  SVProgressHUD: c83337f10ed32d701c423d519059a249973c8662
  SwiftyUserDefaults: 3d273b1739b68ada3145dc754a70ec775bc5c8be
  TwitterCore: 8cbc9ad34d91c63a0035ea05bfbfc0d7ca72a28c
  TwitterKit: 5e4f41d70b9abdb41df5467f52d7aa2c0fd26ebb

PODFILE CHECKSUM: 486fa5ed61fd7069180c9a3d4f6dad6996078747

COCOAPODS: 1.5.2
